// !$*UTF8*$!
{
	archiveVersion = 1;
	classes = {
	};
	objectVersion = 46;
	objects = {

/* Begin PBXBuildFile section */
		65E1EBE21C8FADB600FB99FF /* main.m in Sources */ = {isa = PBXBuildFile; fileRef = 65E1EBE11C8FADB600FB99FF /* main.m */; };
		65E1EBEA1C8FAECC00FB99FF /* NXPersonModel.m in Sources */ = {isa = PBXBuildFile; fileRef = 65E1EBE91C8FAECC00FB99FF /* NXPersonModel.m */; };
/* End PBXBuildFile section */

/* Begin PBXCopyFilesBuildPhase section */
		65E1EBDC1C8FADB600FB99FF /* CopyFiles */ = {
			isa = PBXCopyFilesBuildPhase;
			buildActionMask = 2147483647;
			dstPath = /usr/share/man/man1/;
			dstSubfolderSpec = 0;
			files = (
			);
			runOnlyForDeploymentPostprocessing = 1;
		};
/* End PBXCopyFilesBuildPhase section */

/* Begin PBXFileReference section */
		65E1EBDE1C8FADB600FB99FF /* week2 */ = {isa = PBXFileReference; explicitFileType = "compiled.mach-o.executable"; includeInIndex = 0; path = week2; sourceTree = BUILT_PRODUCTS_DIR; };
		65E1EBE11C8FADB600FB99FF /* main.m */ = {isa = PBXFileReference; lastKnownFileType = sourcecode.c.objc; path = main.m; sourceTree = "<group>"; };
		65E1EBE81C8FAECC00FB99FF /* NXPersonModel.h */ = {isa = PBXFileReference; fileEncoding = 4; lastKnownFileType = sourcecode.c.h; path = NXPersonModel.h; sourceTree = "<group>"; };
		65E1EBE91C8FAECC00FB99FF /* NXPersonModel.m */ = {isa = PBXFileReference; fileEncoding = 4; lastKnownFileType = sourcecode.c.objc; path = NXPersonModel.m; sourceTree = "<group>"; };
/* End PBXFileReference section */

/* Begin PBXFrameworksBuildPhase section */
		65E1EBDB1C8FADB600FB99FF /* Frameworks */ = {
			isa = PBXFrameworksBuildPhase;
			buildActionMask = 2147483647;
			files = (
			);
			runOnlyForDeploymentPostprocessing = 0;
		};
/* End PBXFrameworksBuildPhase section */

/* Begin PBXGroup section */
		65E1EBD51C8FADB600FB99FF = {
			isa = PBXGroup;
			children = (
				65E1EBE01C8FADB600FB99FF /* week2 */,
				65E1EBDF1C8FADB600FB99FF /* Products */,
			);
			sourceTree = "<group>";
		};
		65E1EBDF1C8FADB600FB99FF /* Products */ = {
			isa = PBXGroup;
			children = (
				65E1EBDE1C8FADB600FB99FF /* week2 */,
			);
			name = Products;
			sourceTree = "<group>";
		};
		65E1EBE01C8FADB600FB99FF /* week2 */ = {
			isa = PBXGroup;
			children = (
				65E1EBE11C8FADB600FB99FF /* main.m */,
				65E1EBE81C8FAECC00FB99FF /* NXPersonModel.h */,
				65E1EBE91C8FAECC00FB99FF /* NXPersonModel.m */,
			);
			path = week2;
			sourceTree = "<group>";
		};
/* End PBXGroup section */

/* Begin PBXNativeTarget section */
		65E1EBDD1C8FADB600FB99FF /* week2 */ = {
			isa = PBXNativeTarget;
			buildConfigurationList = 65E1EBE51C8FADB600FB99FF /* Build configuration list for PBXNativeTarget "week2" */;
			buildPhases = (
				65E1EBDA1C8FADB600FB99FF /* Sources */,
				65E1EBDB1C8FADB600FB99FF /* Frameworks */,
				65E1EBDC1C8FADB600FB99FF /* CopyFiles */,
			);
			buildRules = (
			);
			dependencies = (
			);
			name = week2;
			productName = week2;
			productReference = 65E1EBDE1C8FADB600FB99FF /* week2 */;
			productType = "com.apple.product-type.tool";
		};
/* End PBXNativeTarget section */

/* Begin PBXProject section */
		65E1EBD61C8FADB600FB99FF /* Project object */ = {
			isa = PBXProject;
			attributes = {
				LastUpgradeCheck = 0720;
				ORGANIZATIONNAME = "이재성";
				TargetAttributes = {
					65E1EBDD1C8FADB600FB99FF = {
						CreatedOnToolsVersion = 7.2.1;
					};
				};
			};
			buildConfigurationList = 65E1EBD91C8FADB600FB99FF /* Build configuration list for PBXProject "week2" */;
			compatibilityVersion = "Xcode 3.2";
			developmentRegion = English;
			hasScannedForEncodings = 0;
			knownRegions = (
				en,
			);
			mainGroup = 65E1EBD51C8FADB600FB99FF;
			productRefGroup = 65E1EBDF1C8FADB600FB99FF /* Products */;
			projectDirPath = "";
			projectRoot = "";
			targets = (
				65E1EBDD1C8FADB600FB99FF /* week2 */,
			);
		};
/* End PBXProject section */

/* Begin PBXSourcesBuildPhase section */
		65E1EBDA1C8FADB600FB99FF /* Sources */ = {
			isa = PBXSourcesBuildPhase;
			buildActionMask = 2147483647;
			files = (
				65E1EBEA1C8FAECC00FB99FF /* NXPersonModel.m in Sources */,
				65E1EBE21C8FADB600FB99FF /* main.m in Sources */,
			);
			runOnlyForDeploymentPostprocessing = 0;
		};
/* End PBXSourcesBuildPhase section */

/* Begin XCBuildConfiguration section */
		65E1EBE31C8FADB600FB99FF /* Debug */ = {
			isa = XCBuildConfiguration;
			buildSettings = {
				ALWAYS_SEARCH_USER_PATHS = NO;
				CLANG_CXX_LANGUAGE_STANDARD = "gnu++0x";
				CLANG_CXX_LIBRARY = "libc++";
				CLANG_ENABLE_MODULES = YES;
				CLANG_ENABLE_OBJC_ARC = YES;
				CLANG_WARN_BOOL_CONVERSION = YES;
				CLANG_WARN_CONSTANT_CONVERSION = YES;
				CLANG_WARN_DIRECT_OBJC_ISA_USAGE = YES_ERROR;
				CLANG_WARN_EMPTY_BODY = YES;
				CLANG_WARN_ENUM_CONVERSION = YES;
				CLANG_WARN_INT_CONVERSION = YES;
				CLANG_WARN_OBJC_ROOT_CLASS = YES_ERROR;
				CLANG_WARN_UNREACHABLE_CODE = YES;
				CLANG_WARN__DUPLICATE_METHOD_MATCH = YES;
				CODE_SIGN_IDENTITY = "-";
				COPY_PHASE_STRIP = NO;
				DEBUG_INFORMATION_FORMAT = dwarf;
				ENABLE_STRICT_OBJC_MSGSEND = YES;
				ENABLE_TESTABILITY = YES;
				GCC_C_LANGUAGE_STANDARD = gnu99;
				GCC_DYNAMIC_NO_PIC = NO;
				GCC_NO_COMMON_BLOCKS = YES;
				GCC_OPTIMIZATION_LEVEL = 0;
				GCC_PREPROCESSOR_DEFINITIONS = (
					"DEBUG=1",
					"$(inherited)",
				);
				GCC_WARN_64_TO_32_BIT_CONVERSION = YES;
				GCC_WARN_ABOUT_RETURN_TYPE = YES_ERROR;
				GCC_WARN_UNDECLARED_SELECTOR = YES;
				GCC_WARN_UNINITIALIZED_AUTOS = YES_AGGRESSIVE;
				GCC_WARN_UNUSED_FUNCTION = YES;
				GCC_WARN_UNUSED_VARIABLE = YES;
				MACOSX_DEPLOYMENT_TARGET = 10.11;
				MTL_ENABLE_DEBUG_INFO = YES;
				ONLY_ACTIVE_ARCH = YES;
				SDKROOT = macosx;
			};
			name = Debug;
		};
		65E1EBE41C8FADB600FB99FF /* Release */ = {
			isa = XCBuildConfiguration;
			buildSettings = {
				ALWAYS_SEARCH_USER_PATHS = NO;
				CLANG_CXX_LANGUAGE_STANDARD = "gnu++0x";
				CLANG_CXX_LIBRARY = "libc++";
				CLANG_ENABLE_MODULES = YES;
				CLANG_ENABLE_OBJC_ARC = YES;
				CLANG_WARN_BOOL_CONVERSION = YES;
				CLANG_WARN_CONSTANT_CONVERSION = YES;
				CLANG_WARN_DIRECT_OBJC_ISA_USAGE = YES_ERROR;
				CLANG_WARN_EMPTY_BODY = YES;
				CLANG_WARN_ENUM_CONVERSION = YES;
				CLANG_WARN_INT_CONVERSION = YES;
				CLANG_WARN_OBJC_ROOT_CLASS = YES_ERROR;
				CLANG_WARN_UNREACHABLE_CODE = YES;
				CLANG_WARN__DUPLICATE_METHOD_MATCH = YES;
				CODE_SIGN_IDENTITY = "-";
				COPY_PHASE_STRIP = NO;
				DEBUG_INFORMATION_FORMAT = "dwarf-with-dsym";
				ENABLE_NS_ASSERTIONS = NO;
				ENABLE_STRICT_OBJC_MSGSEND = YES;
				GCC_C_LANGUAGE_STANDARD = gnu99;
				GCC_NO_COMMON_BLOCKS = YES;
				GCC_WARN_64_TO_32_BIT_CONVERSION = YES;
				GCC_WARN_ABOUT_RETURN_TYPE = YES_ERROR;
				GCC_WARN_UNDECLARED_SELECTOR = YES;
				GCC_WARN_UNINITIALIZED_AUTOS = YES_AGGRESSIVE;
				GCC_WARN_UNUSED_FUNCTION = YES;
				GCC_WARN_UNUSED_VARIABLE = YES;
				MACOSX_DEPLOYMENT_TARGET = 10.11;
				MTL_ENABLE_DEBUG_INFO = NO;
				SDKROOT = macosx;
			};
			name = Release;
		};
		65E1EBE61C8FADB600FB99FF /* Debug */ = {
			isa = XCBuildConfiguration;
			buildSettings = {
				PRODUCT_NAME = "$(TARGET_NAME)";
			};
			name = Debug;
		};
		65E1EBE71C8FADB600FB99FF /* Release */ = {
			isa = XCBuildConfiguration;
			buildSettings = {
				PRODUCT_NAME = "$(TARGET_NAME)";
			};
			name = Release;
		};
/* End XCBuildConfiguration section */

/* Begin XCConfigurationList section */
		65E1EBD91C8FADB600FB99FF /* Build configuration list for PBXProject "week2" */ = {
			isa = XCConfigurationList;
			buildConfigurations = (
				65E1EBE31C8FADB600FB99FF /* Debug */,
				65E1EBE41C8FADB600FB99FF /* Release */,
			);
			defaultConfigurationIsVisible = 0;
			defaultConfigurationName = Release;
		};
		65E1EBE51C8FADB600FB99FF /* Build configuration list for PBXNativeTarget "week2" */ = {
			isa = XCConfigurationList;
			buildConfigurations = (
				65E1EBE61C8FADB600FB99FF /* Debug */,
				65E1EBE71C8FADB600FB99FF /* Release */,
			);
			defaultConfigurationIsVisible = 0;
		};
/* End XCConfigurationList section */
	};
	rootObject = 65E1EBD61C8FADB600FB99FF /* Project object */;
}
